
Microsoft Visual Studio Solution File, Format Version 12.00
# Visual Studio Version 17
VisualStudioVersion = 17.0.31903.59
MinimumVisualStudioVersion = 10.0.40219.1
Project("{FAE04EC0-301F-11D3-BF4B-00C04F79EFBC}") = "ExampleLib", "ExampleLib\ExampleLib.csproj", "{8A68452B-66EA-4C89-9CB4-ADF3901EB923}"
EndProject
Project("{FAE04EC0-301F-11D3-BF4B-00C04F79EFBC}") = "ExampleMvc", "ExampleMvc\ExampleMvc.csproj", "{5C8B1128-053D-47A5-A5C0-D4D672A9F12B}"
EndProject
Global
	GlobalSection(SolutionConfigurationPlatforms) = preSolution
		Debug|Any CPU = Debug|Any CPU
		Release|Any CPU = Release|Any CPU
	EndGlobalSection
	GlobalSection(SolutionProperties) = preSolution
		HideSolutionNode = FALSE
	EndGlobalSection
	GlobalSection(ProjectConfigurationPlatforms) = postSolution
		{8A68452B-66EA-4C89-9CB4-ADF3901EB923}.Debug|Any CPU.ActiveCfg = Debug|Any CPU
		{8A68452B-66EA-4C89-9CB4-ADF3901EB923}.Debug|Any CPU.Build.0 = Debug|Any CPU
		{8A68452B-66EA-4C89-9CB4-ADF3901EB923}.Release|Any CPU.ActiveCfg = Release|Any CPU
		{8A68452B-66EA-4C89-9CB4-ADF3901EB923}.Release|Any CPU.Build.0 = Release|Any CPU
		{5C8B1128-053D-47A5-A5C0-D4D672A9F12B}.Debug|Any CPU.ActiveCfg = Debug|Any CPU
		{5C8B1128-053D-47A5-A5C0-D4D672A9F12B}.Debug|Any CPU.Build.0 = Debug|Any CPU
		{5C8B1128-053D-47A5-A5C0-D4D672A9F12B}.Release|Any CPU.ActiveCfg = Release|Any CPU
		{5C8B1128-053D-47A5-A5C0-D4D672A9F12B}.Release|Any CPU.Build.0 = Release|Any CPU
	EndGlobalSection
EndGlobal
